github.com/davecgh/go-spew v1.1.1 h1:vj9j/u1bqnvCEfJOwUhtlOARqs3+rkHYY13jYWTU97c=
github.com/pmezard/go-difflib v1.0.0 h1:4DBwDE0NGyQoBHbLQYPwSUPoCMWR5BEzIk/f1lZbAQM=
github.com/stretchr/testify v1.8.0 h1:pSgiaMZlXftHpm5L7V1+rVB+AZJydKsMxsQBIJw4PKk=
github.com/tetratelabs/proxy-wasm-go-sdk v0.20.0 h1:i/xtxt/jHXtp/yImhlp4pAWx0eVzIBKOaay3Nu4Iw3k=
github.com/tetratelabs/proxy-wasm-go-sdk v0.20.0/go.mod h1:7uUubjgZpmccNAPqSS6Il6CF+tk3BGf4qSCJZp3W8s8=
gopkg.in/yaml.v3 v3.0.1 h1:fxVm/GzAzEWqLHuvctI91KS9hhNmmWOoWu0XTYJS7CA=
